
Microsoft Visual Studio Solution File, Format Version 12.00
Project("{FAE04EC0-301F-11D3-BF4B-00C04F79EFBC}") = "BOMA.RTR.Api", "BOMA.RTR.Api\BOMA.RTR.Api.csproj", "{7080DE7F-A8C9-48DB-BCF5-DCAE88599EE5}"
EndProject
Global
	GlobalSection(SolutionConfigurationPlatforms) = preSolution
		Debug|Any CPU = Debug|Any CPU
		Release|Any CPU = Release|Any CPU
	EndGlobalSection
	GlobalSection(ProjectConfigurationPlatforms) = postSolution
		{7080DE7F-A8C9-48DB-BCF5-DCAE88599EE5}.Debug|Any CPU.ActiveCfg = Debug|Any CPU
		{7080DE7F-A8C9-48DB-BCF5-DCAE88599EE5}.Debug|Any CPU.Build.0 = Debug|Any CPU
		{7080DE7F-A8C9-48DB-BCF5-DCAE88599EE5}.Release|Any CPU.ActiveCfg = Release|Any CPU
		{7080DE7F-A8C9-48DB-BCF5-DCAE88599EE5}.Release|Any CPU.Build.0 = Release|Any CPU
	EndGlobalSection
EndGlobal
